{
  "originHash" : "05c0857fcc0c4faec93c9e26de9fe1ed2948e01cd7aeaa6d55e820d6c874b5b0",
  "pins" : [
    {
      "identity" : "alamofire",
      "kind" : "remoteSourceControl",
      "location" : "https://github.com/Alamofire/Alamofire.git",
      "state" : {
        "revision" : "7595cbcf59809f9977c5f6378500de2ad73b7ddb",
        "version" : "5.12.0"
      }
    },
    {
      "identity" : "keychain-swift",
      "kind" : "remoteSourceControl",
      "location" : "https://github.com/evgenyneu/keychain-swift.git",
      "state" : {
        "revision" : "5e1b02b6a9dac2a759a1d5dbc175c86bd192a608",
        "version" : "24.0.0"
      }
    },
    {
      "identity" : "kingfisher",
      "kind" : "remoteSourceControl",
      "location" : "https://github.com/onevcat/Kingfisher.git",
      "state" : {
        "revision" : "cf8be20d07654570554c8a8a4952bc8a5766a8b0",
        "version" : "8.9.0"
      }
    },
    {
      "identity" : "swiftui-lazypager",
      "kind" : "remoteSourceControl",
      "location" : "https://github.com/gh123man/SwiftUI-LazyPager.git",
      "state" : {
        "revision" : "be4b1952c1054e8b7802863005184eefd42104bd",
        "version" : "1.2.1"
      }
    }
  ],
  "version" : 3
}
